
Microsoft Visual Studio Solution File, Format Version 12.00
# Visual Studio Version 17
VisualStudioVersion = 17.0.32112.339
MinimumVisualStudioVersion = 10.0.40219.1
Project("{2150E333-8FDC-42A3-9474-1A3956D46DE8}") = "_solution", "_solution", "{AEB111CE-8C1F-49F8-8282-6BBA13C05C2E}"
	ProjectSection(SolutionItems) = preProject
		.github\workflows\application.yml = .github\workflows\application.yml
		LICENSE = LICENSE
		package.png = package.png
		README.md = README.md
		Directory.Build.props = Directory.Build.props
		AspectInjector-Key.snk = AspectInjector-Key.snk
	EndProjectSection
EndProject
Project("{9A19103F-16F7-4668-BE54-9A1E7A4F7556}") = "AspectInjector.Core", "src\AspectInjector.Core\AspectInjector.Core.csproj", "{ACCC10D0-D079-4B9C-8269-71796A0EF822}"
EndProject
Project("{2150E333-8FDC-42A3-9474-1A3956D46DE8}") = "tests", "tests", "{2DAB661A-26B2-440A-BC54-59F2C8404F12}"
	ProjectSection(SolutionItems) = preProject
		tests\Directory.Build.targets = tests\Directory.Build.targets
	EndProjectSection
EndProject
Project("{9A19103F-16F7-4668-BE54-9A1E7A4F7556}") = "AspectInjector.Core.Mixin", "src\AspectInjector.Core.Mixin\AspectInjector.Core.Mixin.csproj", "{3FBD73F5-6098-45A8-A236-6CC2F093B804}"
EndProject
Project("{9A19103F-16F7-4668-BE54-9A1E7A4F7556}") = "AspectInjector.Core.Advice", "src\AspectInjector.Core.Advice\AspectInjector.Core.Advice.csproj", "{1A96AA51-2CBC-4901-91D1-53208AD5E6B6}"
EndProject
Project("{9A19103F-16F7-4668-BE54-9A1E7A4F7556}") = "AspectInjector.Broker", "src\AspectInjector.Broker\AspectInjector.Broker.csproj", "{0926FE28-73BA-4F73-9188-B196FBBC9410}"
EndProject
Project("{2150E333-8FDC-42A3-9474-1A3956D46DE8}") = "src", "src", "{8F9E5ECE-A6EB-4DC7-B3E2-20319BF21607}"
EndProject
Project("{9A19103F-16F7-4668-BE54-9A1E7A4F7556}") = "AspectInjector.Tests.RuntimeAssets", "tests\AspectInjector.Tests.RuntimeAssets\AspectInjector.Tests.RuntimeAssets.csproj", "{A4BDB41D-096A-42E7-953E-99F7680141B0}"
	ProjectSection(ProjectDependencies) = postProject
		{FC862191-9081-4A58-96FF-B57F17AC40A9} = {FC862191-9081-4A58-96FF-B57F17AC40A9}
	EndProjectSection
EndProject
Project("{9A19103F-16F7-4668-BE54-9A1E7A4F7556}") = "AspectInjector", "src\AspectInjector\AspectInjector.csproj", "{FC862191-9081-4A58-96FF-B57F17AC40A9}"
EndProject
Project("{9A19103F-16F7-4668-BE54-9A1E7A4F7556}") = "AspectInjector.Tests.Runtime", "tests\AspectInjector.Tests.Runtime\AspectInjector.Tests.Runtime.csproj", "{6431E891-8E90-4510-AC8F-581536757EA0}"
	ProjectSection(ProjectDependencies) = postProject
		{FC862191-9081-4A58-96FF-B57F17AC40A9} = {FC862191-9081-4A58-96FF-B57F17AC40A9}
	EndProjectSection
EndProject
Project("{9A19103F-16F7-4668-BE54-9A1E7A4F7556}") = "AspectInjector.Analyzer", "src\AspectInjector.Analyzer\AspectInjector.Analyzer.csproj", "{8A2E5556-55A4-4A1C-BE82-7603BEFA1A19}"
EndProject
Project("{9A19103F-16F7-4668-BE54-9A1E7A4F7556}") = "AspectInjector.Analyzer.Tests", "tests\AspectInjector.Analyzer.Tests\AspectInjector.Analyzer.Tests.csproj", "{ACEE719B-B932-4B41-84AE-0F0CA0CE37E0}"
EndProject
Project("{9A19103F-16F7-4668-BE54-9A1E7A4F7556}") = "AspectInjector.Rules", "src\AspectInjector.Rules\AspectInjector.Rules.csproj", "{20ED44A4-9D35-41F2-A317-C1EB9923379E}"
EndProject
Project("{9A19103F-16F7-4668-BE54-9A1E7A4F7556}") = "FluentIL", "src\FluentIL\FluentIL.csproj", "{E8F7FB9B-4FF0-4195-B064-D41A96E41918}"
EndProject
Project("{9A19103F-16F7-4668-BE54-9A1E7A4F7556}") = "FluentIL.Common", "src\FluentIL.Common\FluentIL.Common.csproj", "{7BD22418-F4A9-422B-9FDE-A20708BA0648}"
EndProject
Project("{9A19103F-16F7-4668-BE54-9A1E7A4F7556}") = "AspectInjector.Tests.Integrity", "tests\AspectInjector.Tests.Integrity\AspectInjector.Tests.Integrity.csproj", "{230C6FAF-11A1-4318-A482-69C7252652B1}"
EndProject
Project("{9A19103F-16F7-4668-BE54-9A1E7A4F7556}") = "AspectInjector.Tests.Generics", "tests\AspectInjector.Tests.Generics\AspectInjector.Tests.Generics.csproj", "{BF019B75-CECE-46E7-9E3D-620B2CAB6A96}"
	ProjectSection(ProjectDependencies) = postProject
		{FC862191-9081-4A58-96FF-B57F17AC40A9} = {FC862191-9081-4A58-96FF-B57F17AC40A9}
	EndProjectSection
EndProject
Project("{F184B08F-C81C-45F6-A57F-5ABD9991F28F}") = "AspectInjector.Tests.VBRuntime", "tests\AspectInjector.Tests.VBRuntime\AspectInjector.Tests.VBRuntime.vbproj", "{1C5CC61E-3080-42D8-BEE0-6113C8C57D5D}"
EndProject
Project("{2150E333-8FDC-42A3-9474-1A3956D46DE8}") = "aspects", "aspects", "{9A00898F-DC8F-4E2B-9F2F-097ED40E0000}"
	ProjectSection(SolutionItems) = preProject
		aspects\readme.md = aspects\readme.md
		aspects\Directory.Build.targets = aspects\Directory.Build.targets
	EndProjectSection
EndProject
Project("{FAE04EC0-301F-11D3-BF4B-00C04F79EFBC}") = "Aspects.Tests", "tests\Aspects.Tests\Aspects.Tests.csproj", "{1C7A35B3-6972-4BA5-B8DB-5344C8C13BA5}"
EndProject
Project("{FAE04EC0-301F-11D3-BF4B-00C04F79EFBC}") = "Aspects.Lazy", "aspects\Lazy\Aspects.Lazy.csproj", "{9CD689F1-22E2-448F-A30E-F7FC52112749}"
EndProject
Project("{FAE04EC0-301F-11D3-BF4B-00C04F79EFBC}") = "Aspects.Freezable", "aspects\Freezable\Aspects.Freezable.csproj", "{479A6654-AFED-4D44-926D-E4D169C526F6}"
EndProject
Project("{FAE04EC0-301F-11D3-BF4B-00C04F79EFBC}") = "Aspects.Cache", "aspects\Cache\Aspects.Cache.csproj", "{88C69194-1BCF-44B9-98A1-8BD9E19BF931}"
EndProject
Project("{FAE04EC0-301F-11D3-BF4B-00C04F79EFBC}") = "Aspects.Universal", "aspects\Universal\Aspects.Universal.csproj", "{957E2C46-6BA6-4AF8-BC18-6E18D3E3A700}"
EndProject
Project("{FAE04EC0-301F-11D3-BF4B-00C04F79EFBC}") = "Aspects.Notify", "aspects\Notify\Aspects.Notify.csproj", "{AE3D8FC3-59A0-4F2C-A860-CC4D9D233406}"
EndProject
Project("{FAE04EC0-301F-11D3-BF4B-00C04F79EFBC}") = "Aspects.Logging", "aspects\Logging\Aspects.Logging.csproj", "{8BC538DF-FD4D-4120-AC87-8EECA25CB360}"
EndProject
Global
	GlobalSection(SolutionConfigurationPlatforms) = preSolution
		DebugTests|Any CPU = DebugTests|Any CPU
		DebugTests|x86 = DebugTests|x86
		Debug|Any CPU = Debug|Any CPU
		Debug|x86 = Debug|x86
		Release|Any CPU = Release|Any CPU
		Release|x86 = Release|x86
	EndGlobalSection
	GlobalSection(ProjectConfigurationPlatforms) = postSolution
		{ACCC10D0-D079-4B9C-8269-71796A0EF822}.DebugTests|Any CPU.ActiveCfg = Debug|Any CPU
		{ACCC10D0-D079-4B9C-8269-71796A0EF822}.DebugTests|Any CPU.Build.0 = Debug|Any CPU
		{ACCC10D0-D079-4B9C-8269-71796A0EF822}.DebugTests|x86.ActiveCfg = Debug|Any CPU
		{ACCC10D0-D079-4B9C-8269-71796A0EF822}.DebugTests|x86.Build.0 = Debug|Any CPU
		{ACCC10D0-D079-4B9C-8269-71796A0EF822}.Debug|Any CPU.ActiveCfg = Debug|Any CPU
		{ACCC10D0-D079-4B9C-8269-71796A0EF822}.Debug|Any CPU.Build.0 = Debug|Any CPU
		{ACCC10D0-D079-4B9C-8269-71796A0EF822}.Debug|x86.ActiveCfg = Debug|Any CPU
		{ACCC10D0-D079-4B9C-8269-71796A0EF822}.Debug|x86.Build.0 = Debug|Any CPU
		{ACCC10D0-D079-4B9C-8269-71796A0EF822}.Release|Any CPU.ActiveCfg = Release|Any CPU
		{ACCC10D0-D079-4B9C-8269-71796A0EF822}.Release|Any CPU.Build.0 = Release|Any CPU
		{ACCC10D0-D079-4B9C-8269-71796A0EF822}.Release|x86.ActiveCfg = Release|Any CPU
		{ACCC10D0-D079-4B9C-8269-71796A0EF822}.Release|x86.Build.0 = Release|Any CPU
		{3FBD73F5-6098-45A8-A236-6CC2F093B804}.DebugTests|Any CPU.ActiveCfg = Debug|Any CPU
		{3FBD73F5-6098-45A8-A236-6CC2F093B804}.DebugTests|Any CPU.Build.0 = Debug|Any CPU
		{3FBD73F5-6098-45A8-A236-6CC2F093B804}.DebugTests|x86.ActiveCfg = Debug|Any CPU
		{3FBD73F5-6098-45A8-A236-6CC2F093B804}.DebugTests|x86.Build.0 = Debug|Any CPU
		{3FBD73F5-6098-45A8-A236-6CC2F093B804}.Debug|Any CPU.ActiveCfg = Debug|Any CPU
		{3FBD73F5-6098-45A8-A236-6CC2F093B804}.Debug|Any CPU.Build.0 = Debug|Any CPU
		{3FBD73F5-6098-45A8-A236-6CC2F093B804}.Debug|x86.ActiveCfg = Debug|Any CPU
		{3FBD73F5-6098-45A8-A236-6CC2F093B804}.Debug|x86.Build.0 = Debug|Any CPU
		{3FBD73F5-6098-45A8-A236-6CC2F093B804}.Release|Any CPU.ActiveCfg = Release|Any CPU
		{3FBD73F5-6098-45A8-A236-6CC2F093B804}.Release|Any CPU.Build.0 = Release|Any CPU
		{3FBD73F5-6098-45A8-A236-6CC2F093B804}.Release|x86.ActiveCfg = Release|Any CPU
		{3FBD73F5-6098-45A8-A236-6CC2F093B804}.Release|x86.Build.0 = Release|Any CPU
		{1A96AA51-2CBC-4901-91D1-53208AD5E6B6}.DebugTests|Any CPU.ActiveCfg = Debug|Any CPU
		{1A96AA51-2CBC-4901-91D1-53208AD5E6B6}.DebugTests|Any CPU.Build.0 = Debug|Any CPU
		{1A96AA51-2CBC-4901-91D1-53208AD5E6B6}.DebugTests|x86.ActiveCfg = Debug|Any CPU
		{1A96AA51-2CBC-4901-91D1-53208AD5E6B6}.DebugTests|x86.Build.0 = Debug|Any CPU
		{1A96AA51-2CBC-4901-91D1-53208AD5E6B6}.Debug|Any CPU.ActiveCfg = Debug|Any CPU
		{1A96AA51-2CBC-4901-91D1-53208AD5E6B6}.Debug|Any CPU.Build.0 = Debug|Any CPU
		{1A96AA51-2CBC-4901-91D1-53208AD5E6B6}.Debug|x86.ActiveCfg = Debug|Any CPU
		{1A96AA51-2CBC-4901-91D1-53208AD5E6B6}.Debug|x86.Build.0 = Debug|Any CPU
		{1A96AA51-2CBC-4901-91D1-53208AD5E6B6}.Release|Any CPU.ActiveCfg = Release|Any CPU
		{1A96AA51-2CBC-4901-91D1-53208AD5E6B6}.Release|Any CPU.Build.0 = Release|Any CPU
		{1A96AA51-2CBC-4901-91D1-53208AD5E6B6}.Release|x86.ActiveCfg = Release|Any CPU
		{1A96AA51-2CBC-4901-91D1-53208AD5E6B6}.Release|x86.Build.0 = Release|Any CPU
		{0926FE28-73BA-4F73-9188-B196FBBC9410}.DebugTests|Any CPU.ActiveCfg = Debug|Any CPU
		{0926FE28-73BA-4F73-9188-B196FBBC9410}.DebugTests|Any CPU.Build.0 = Debug|Any CPU
		{0926FE28-73BA-4F73-9188-B196FBBC9410}.DebugTests|x86.ActiveCfg = Debug|Any CPU
		{0926FE28-73BA-4F73-9188-B196FBBC9410}.DebugTests|x86.Build.0 = Debug|Any CPU
		{0926FE28-73BA-4F73-9188-B196FBBC9410}.Debug|Any CPU.ActiveCfg = Debug|Any CPU
		{0926FE28-73BA-4F73-9188-B196FBBC9410}.Debug|Any CPU.Build.0 = Debug|Any CPU
		{0926FE28-73BA-4F73-9188-B196FBBC9410}.Debug|x86.ActiveCfg = Debug|Any CPU
		{0926FE28-73BA-4F73-9188-B196FBBC9410}.Debug|x86.Build.0 = Debug|Any CPU
		{0926FE28-73BA-4F73-9188-B196FBBC9410}.Release|Any CPU.ActiveCfg = Release|Any CPU
		{0926FE28-73BA-4F73-9188-B196FBBC9410}.Release|Any CPU.Build.0 = Release|Any CPU
		{0926FE28-73BA-4F73-9188-B196FBBC9410}.Release|x86.ActiveCfg = Release|Any CPU
		{0926FE28-73BA-4F73-9188-B196FBBC9410}.Release|x86.Build.0 = Release|Any CPU
		{A4BDB41D-096A-42E7-953E-99F7680141B0}.DebugTests|Any CPU.ActiveCfg = DebugTests|Any CPU
		{A4BDB41D-096A-42E7-953E-99F7680141B0}.DebugTests|Any CPU.Build.0 = DebugTests|Any CPU
		{A4BDB41D-096A-42E7-953E-99F7680141B0}.DebugTests|x86.ActiveCfg = DebugTests|Any CPU
		{A4BDB41D-096A-42E7-953E-99F7680141B0}.DebugTests|x86.Build.0 = DebugTests|Any CPU
		{A4BDB41D-096A-42E7-953E-99F7680141B0}.Debug|Any CPU.ActiveCfg = Debug|Any CPU
		{A4BDB41D-096A-42E7-953E-99F7680141B0}.Debug|Any CPU.Build.0 = Debug|Any CPU
		{A4BDB41D-096A-42E7-953E-99F7680141B0}.Debug|x86.ActiveCfg = Debug|Any CPU
		{A4BDB41D-096A-42E7-953E-99F7680141B0}.Debug|x86.Build.0 = Debug|Any CPU
		{A4BDB41D-096A-42E7-953E-99F7680141B0}.Release|Any CPU.ActiveCfg = Release|Any CPU
		{A4BDB41D-096A-42E7-953E-99F7680141B0}.Release|Any CPU.Build.0 = Release|Any CPU
		{A4BDB41D-096A-42E7-953E-99F7680141B0}.Release|x86.ActiveCfg = Release|Any CPU
		{A4BDB41D-096A-42E7-953E-99F7680141B0}.Release|x86.Build.0 = Release|Any CPU
		{FC862191-9081-4A58-96FF-B57F17AC40A9}.DebugTests|Any CPU.ActiveCfg = Debug|Any CPU
		{FC862191-9081-4A58-96FF-B57F17AC40A9}.DebugTests|Any CPU.Build.0 = Debug|Any CPU
		{FC862191-9081-4A58-96FF-B57F17AC40A9}.DebugTests|x86.ActiveCfg = Debug|Any CPU
		{FC862191-9081-4A58-96FF-B57F17AC40A9}.DebugTests|x86.Build.0 = Debug|Any CPU
		{FC862191-9081-4A58-96FF-B57F17AC40A9}.Debug|Any CPU.ActiveCfg = Debug|Any CPU
		{FC862191-9081-4A58-96FF-B57F17AC40A9}.Debug|Any CPU.Build.0 = Debug|Any CPU
		{FC862191-9081-4A58-96FF-B57F17AC40A9}.Debug|x86.ActiveCfg = Debug|Any CPU
		{FC862191-9081-4A58-96FF-B57F17AC40A9}.Debug|x86.Build.0 = Debug|Any CPU
		{FC862191-9081-4A58-96FF-B57F17AC40A9}.Release|Any CPU.ActiveCfg = Release|Any CPU
		{FC862191-9081-4A58-96FF-B57F17AC40A9}.Release|Any CPU.Build.0 = Release|Any CPU
		{FC862191-9081-4A58-96FF-B57F17AC40A9}.Release|x86.ActiveCfg = Release|Any CPU
		{FC862191-9081-4A58-96FF-B57F17AC40A9}.Release|x86.Build.0 = Release|Any CPU
		{6431E891-8E90-4510-AC8F-581536757EA0}.DebugTests|Any CPU.ActiveCfg = DebugTests|Any CPU
		{6431E891-8E90-4510-AC8F-581536757EA0}.DebugTests|Any CPU.Build.0 = DebugTests|Any CPU
		{6431E891-8E90-4510-AC8F-581536757EA0}.DebugTests|x86.ActiveCfg = DebugTests|Any CPU
		{6431E891-8E90-4510-AC8F-581536757EA0}.DebugTests|x86.Build.0 = DebugTests|Any CPU
		{6431E891-8E90-4510-AC8F-581536757EA0}.Debug|Any CPU.ActiveCfg = Debug|Any CPU
		{6431E891-8E90-4510-AC8F-581536757EA0}.Debug|Any CPU.Build.0 = Debug|Any CPU
		{6431E891-8E90-4510-AC8F-581536757EA0}.Debug|x86.ActiveCfg = Debug|Any CPU
		{6431E891-8E90-4510-AC8F-581536757EA0}.Debug|x86.Build.0 = Debug|Any CPU
		{6431E891-8E90-4510-AC8F-581536757EA0}.Release|Any CPU.ActiveCfg = Release|Any CPU
		{6431E891-8E90-4510-AC8F-581536757EA0}.Release|Any CPU.Build.0 = Release|Any CPU
		{6431E891-8E90-4510-AC8F-581536757EA0}.Release|x86.ActiveCfg = Release|Any CPU
		{6431E891-8E90-4510-AC8F-581536757EA0}.Release|x86.Build.0 = Release|Any CPU
		{8A2E5556-55A4-4A1C-BE82-7603BEFA1A19}.DebugTests|Any CPU.ActiveCfg = Debug|Any CPU
		{8A2E5556-55A4-4A1C-BE82-7603BEFA1A19}.DebugTests|Any CPU.Build.0 = Debug|Any CPU
		{8A2E5556-55A4-4A1C-BE82-7603BEFA1A19}.DebugTests|x86.ActiveCfg = Debug|Any CPU
		{8A2E5556-55A4-4A1C-BE82-7603BEFA1A19}.DebugTests|x86.Build.0 = Debug|Any CPU
		{8A2E5556-55A4-4A1C-BE82-7603BEFA1A19}.Debug|Any CPU.ActiveCfg = Debug|Any CPU
		{8A2E5556-55A4-4A1C-BE82-7603BEFA1A19}.Debug|Any CPU.Build.0 = Debug|Any CPU
		{8A2E5556-55A4-4A1C-BE82-7603BEFA1A19}.Debug|x86.ActiveCfg = Debug|Any CPU
		{8A2E5556-55A4-4A1C-BE82-7603BEFA1A19}.Debug|x86.Build.0 = Debug|Any CPU
		{8A2E5556-55A4-4A1C-BE82-7603BEFA1A19}.Release|Any CPU.ActiveCfg = Release|Any CPU
		{8A2E5556-55A4-4A1C-BE82-7603BEFA1A19}.Release|Any CPU.Build.0 = Release|Any CPU
		{8A2E5556-55A4-4A1C-BE82-7603BEFA1A19}.Release|x86.ActiveCfg = Release|Any CPU
		{8A2E5556-55A4-4A1C-BE82-7603BEFA1A19}.Release|x86.Build.0 = Release|Any CPU
		{ACEE719B-B932-4B41-84AE-0F0CA0CE37E0}.DebugTests|Any CPU.ActiveCfg = Debug|Any CPU
		{ACEE719B-B932-4B41-84AE-0F0CA0CE37E0}.DebugTests|Any CPU.Build.0 = Debug|Any CPU
		{ACEE719B-B932-4B41-84AE-0F0CA0CE37E0}.DebugTests|x86.ActiveCfg = Debug|Any CPU
		{ACEE719B-B932-4B41-84AE-0F0CA0CE37E0}.DebugTests|x86.Build.0 = Debug|Any CPU
		{ACEE719B-B932-4B41-84AE-0F0CA0CE37E0}.Debug|Any CPU.ActiveCfg = Debug|Any CPU
		{ACEE719B-B932-4B41-84AE-0F0CA0CE37E0}.Debug|Any CPU.Build.0 = Debug|Any CPU
		{ACEE719B-B932-4B41-84AE-0F0CA0CE37E0}.Debug|x86.ActiveCfg = Debug|Any CPU
		{ACEE719B-B932-4B41-84AE-0F0CA0CE37E0}.Debug|x86.Build.0 = Debug|Any CPU
		{ACEE719B-B932-4B41-84AE-0F0CA0CE37E0}.Release|Any CPU.ActiveCfg = Release|Any CPU
		{ACEE719B-B932-4B41-84AE-0F0CA0CE37E0}.Release|Any CPU.Build.0 = Release|Any CPU
		{ACEE719B-B932-4B41-84AE-0F0CA0CE37E0}.Release|x86.ActiveCfg = Release|Any CPU
		{ACEE719B-B932-4B41-84AE-0F0CA0CE37E0}.Release|x86.Build.0 = Release|Any CPU
		{20ED44A4-9D35-41F2-A317-C1EB9923379E}.DebugTests|Any CPU.ActiveCfg = Debug|Any CPU
		{20ED44A4-9D35-41F2-A317-C1EB9923379E}.DebugTests|Any CPU.Build.0 = Debug|Any CPU
		{20ED44A4-9D35-41F2-A317-C1EB9923379E}.DebugTests|x86.ActiveCfg = Debug|Any CPU
		{20ED44A4-9D35-41F2-A317-C1EB9923379E}.DebugTests|x86.Build.0 = Debug|Any CPU
		{20ED44A4-9D35-41F2-A317-C1EB9923379E}.Debug|Any CPU.ActiveCfg = Debug|Any CPU
		{20ED44A4-9D35-41F2-A317-C1EB9923379E}.Debug|Any CPU.Build.0 = Debug|Any CPU
		{20ED44A4-9D35-41F2-A317-C1EB9923379E}.Debug|x86.ActiveCfg = Debug|Any CPU
		{20ED44A4-9D35-41F2-A317-C1EB9923379E}.Debug|x86.Build.0 = Debug|Any CPU
		{20ED44A4-9D35-41F2-A317-C1EB9923379E}.Release|Any CPU.ActiveCfg = Release|Any CPU
		{20ED44A4-9D35-41F2-A317-C1EB9923379E}.Release|Any CPU.Build.0 = Release|Any CPU
		{20ED44A4-9D35-41F2-A317-C1EB9923379E}.Release|x86.ActiveCfg = Release|Any CPU
		{20ED44A4-9D35-41F2-A317-C1EB9923379E}.Release|x86.Build.0 = Release|Any CPU
		{E8F7FB9B-4FF0-4195-B064-D41A96E41918}.DebugTests|Any CPU.ActiveCfg = Debug|Any CPU
		{E8F7FB9B-4FF0-4195-B064-D41A96E41918}.DebugTests|Any CPU.Build.0 = Debug|Any CPU
		{E8F7FB9B-4FF0-4195-B064-D41A96E41918}.DebugTests|x86.ActiveCfg = Debug|Any CPU
		{E8F7FB9B-4FF0-4195-B064-D41A96E41918}.DebugTests|x86.Build.0 = Debug|Any CPU
		{E8F7FB9B-4FF0-4195-B064-D41A96E41918}.Debug|Any CPU.ActiveCfg = Debug|Any CPU
		{E8F7FB9B-4FF0-4195-B064-D41A96E41918}.Debug|Any CPU.Build.0 = Debug|Any CPU
		{E8F7FB9B-4FF0-4195-B064-D41A96E41918}.Debug|x86.ActiveCfg = Debug|Any CPU
		{E8F7FB9B-4FF0-4195-B064-D41A96E41918}.Debug|x86.Build.0 = Debug|Any CPU
		{E8F7FB9B-4FF0-4195-B064-D41A96E41918}.Release|Any CPU.ActiveCfg = Release|Any CPU
		{E8F7FB9B-4FF0-4195-B064-D41A96E41918}.Release|Any CPU.Build.0 = Release|Any CPU
		{E8F7FB9B-4FF0-4195-B064-D41A96E41918}.Release|x86.ActiveCfg = Release|Any CPU
		{E8F7FB9B-4FF0-4195-B064-D41A96E41918}.Release|x86.Build.0 = Release|Any CPU
		{7BD22418-F4A9-422B-9FDE-A20708BA0648}.DebugTests|Any CPU.ActiveCfg = Debug|Any CPU
		{7BD22418-F4A9-422B-9FDE-A20708BA0648}.DebugTests|Any CPU.Build.0 = Debug|Any CPU
		{7BD22418-F4A9-422B-9FDE-A20708BA0648}.DebugTests|x86.ActiveCfg = Debug|Any CPU
		{7BD22418-F4A9-422B-9FDE-A20708BA0648}.DebugTests|x86.Build.0 = Debug|Any CPU
		{7BD22418-F4A9-422B-9FDE-A20708BA0648}.Debug|Any CPU.ActiveCfg = Debug|Any CPU
		{7BD22418-F4A9-422B-9FDE-A20708BA0648}.Debug|Any CPU.Build.0 = Debug|Any CPU
		{7BD22418-F4A9-422B-9FDE-A20708BA0648}.Debug|x86.ActiveCfg = Debug|Any CPU
		{7BD22418-F4A9-422B-9FDE-A20708BA0648}.Debug|x86.Build.0 = Debug|Any CPU
		{7BD22418-F4A9-422B-9FDE-A20708BA0648}.Release|Any CPU.ActiveCfg = Release|Any CPU
		{7BD22418-F4A9-422B-9FDE-A20708BA0648}.Release|Any CPU.Build.0 = Release|Any CPU
		{7BD22418-F4A9-422B-9FDE-A20708BA0648}.Release|x86.ActiveCfg = Release|Any CPU
		{7BD22418-F4A9-422B-9FDE-A20708BA0648}.Release|x86.Build.0 = Release|Any CPU
		{230C6FAF-11A1-4318-A482-69C7252652B1}.DebugTests|Any CPU.ActiveCfg = Debug|Any CPU
		{230C6FAF-11A1-4318-A482-69C7252652B1}.DebugTests|Any CPU.Build.0 = Debug|Any CPU
		{230C6FAF-11A1-4318-A482-69C7252652B1}.DebugTests|x86.ActiveCfg = Debug|Any CPU
		{230C6FAF-11A1-4318-A482-69C7252652B1}.DebugTests|x86.Build.0 = Debug|Any CPU
		{230C6FAF-11A1-4318-A482-69C7252652B1}.Debug|Any CPU.ActiveCfg = Debug|Any CPU
		{230C6FAF-11A1-4318-A482-69C7252652B1}.Debug|Any CPU.Build.0 = Debug|Any CPU
		{230C6FAF-11A1-4318-A482-69C7252652B1}.Debug|x86.ActiveCfg = Debug|Any CPU
		{230C6FAF-11A1-4318-A482-69C7252652B1}.Debug|x86.Build.0 = Debug|Any CPU
		{230C6FAF-11A1-4318-A482-69C7252652B1}.Release|Any CPU.ActiveCfg = Release|Any CPU
		{230C6FAF-11A1-4318-A482-69C7252652B1}.Release|Any CPU.Build.0 = Release|Any CPU
		{230C6FAF-11A1-4318-A482-69C7252652B1}.Release|x86.ActiveCfg = Release|Any CPU
		{230C6FAF-11A1-4318-A482-69C7252652B1}.Release|x86.Build.0 = Release|Any CPU
		{BF019B75-CECE-46E7-9E3D-620B2CAB6A96}.DebugTests|Any CPU.ActiveCfg = DebugTests|Any CPU
		{BF019B75-CECE-46E7-9E3D-620B2CAB6A96}.DebugTests|Any CPU.Build.0 = DebugTests|Any CPU
		{BF019B75-CECE-46E7-9E3D-620B2CAB6A96}.DebugTests|x86.ActiveCfg = DebugTests|Any CPU
		{BF019B75-CECE-46E7-9E3D-620B2CAB6A96}.DebugTests|x86.Build.0 = DebugTests|Any CPU
		{BF019B75-CECE-46E7-9E3D-620B2CAB6A96}.Debug|Any CPU.ActiveCfg = Debug|Any CPU
		{BF019B75-CECE-46E7-9E3D-620B2CAB6A96}.Debug|Any CPU.Build.0 = Debug|Any CPU
		{BF019B75-CECE-46E7-9E3D-620B2CAB6A96}.Debug|x86.ActiveCfg = Debug|Any CPU
		{BF019B75-CECE-46E7-9E3D-620B2CAB6A96}.Debug|x86.Build.0 = Debug|Any CPU
		{BF019B75-CECE-46E7-9E3D-620B2CAB6A96}.Release|Any CPU.ActiveCfg = Release|Any CPU
		{BF019B75-CECE-46E7-9E3D-620B2CAB6A96}.Release|Any CPU.Build.0 = Release|Any CPU
		{BF019B75-CECE-46E7-9E3D-620B2CAB6A96}.Release|x86.ActiveCfg = Release|Any CPU
		{BF019B75-CECE-46E7-9E3D-620B2CAB6A96}.Release|x86.Build.0 = Release|Any CPU
		{1C5CC61E-3080-42D8-BEE0-6113C8C57D5D}.DebugTests|Any CPU.ActiveCfg = DebugTests|Any CPU
		{1C5CC61E-3080-42D8-BEE0-6113C8C57D5D}.DebugTests|Any CPU.Build.0 = DebugTests|Any CPU
		{1C5CC61E-3080-42D8-BEE0-6113C8C57D5D}.DebugTests|x86.ActiveCfg = Debug|Any CPU
		{1C5CC61E-3080-42D8-BEE0-6113C8C57D5D}.DebugTests|x86.Build.0 = Debug|Any CPU
		{1C5CC61E-3080-42D8-BEE0-6113C8C57D5D}.Debug|Any CPU.ActiveCfg = Debug|Any CPU
		{1C5CC61E-3080-42D8-BEE0-6113C8C57D5D}.Debug|Any CPU.Build.0 = Debug|Any CPU
		{1C5CC61E-3080-42D8-BEE0-6113C8C57D5D}.Debug|x86.ActiveCfg = Debug|Any CPU
		{1C5CC61E-3080-42D8-BEE0-6113C8C57D5D}.Debug|x86.Build.0 = Debug|Any CPU
		{1C5CC61E-3080-42D8-BEE0-6113C8C57D5D}.Release|Any CPU.ActiveCfg = Release|Any CPU
		{1C5CC61E-3080-42D8-BEE0-6113C8C57D5D}.Release|Any CPU.Build.0 = Release|Any CPU
		{1C5CC61E-3080-42D8-BEE0-6113C8C57D5D}.Release|x86.ActiveCfg = Release|Any CPU
		{1C5CC61E-3080-42D8-BEE0-6113C8C57D5D}.Release|x86.Build.0 = Release|Any CPU
		{1C7A35B3-6972-4BA5-B8DB-5344C8C13BA5}.DebugTests|Any CPU.ActiveCfg = Debug|Any CPU
		{1C7A35B3-6972-4BA5-B8DB-5344C8C13BA5}.DebugTests|Any CPU.Build.0 = Debug|Any CPU
		{1C7A35B3-6972-4BA5-B8DB-5344C8C13BA5}.DebugTests|x86.ActiveCfg = Debug|Any CPU
		{1C7A35B3-6972-4BA5-B8DB-5344C8C13BA5}.DebugTests|x86.Build.0 = Debug|Any CPU
		{1C7A35B3-6972-4BA5-B8DB-5344C8C13BA5}.Debug|Any CPU.ActiveCfg = Debug|Any CPU
		{1C7A35B3-6972-4BA5-B8DB-5344C8C13BA5}.Debug|Any CPU.Build.0 = Debug|Any CPU
		{1C7A35B3-6972-4BA5-B8DB-5344C8C13BA5}.Debug|x86.ActiveCfg = Debug|Any CPU
		{1C7A35B3-6972-4BA5-B8DB-5344C8C13BA5}.Debug|x86.Build.0 = Debug|Any CPU
		{1C7A35B3-6972-4BA5-B8DB-5344C8C13BA5}.Release|Any CPU.ActiveCfg = Release|Any CPU
		{1C7A35B3-6972-4BA5-B8DB-5344C8C13BA5}.Release|Any CPU.Build.0 = Release|Any CPU
		{1C7A35B3-6972-4BA5-B8DB-5344C8C13BA5}.Release|x86.ActiveCfg = Release|Any CPU
		{1C7A35B3-6972-4BA5-B8DB-5344C8C13BA5}.Release|x86.Build.0 = Release|Any CPU
		{9CD689F1-22E2-448F-A30E-F7FC52112749}.DebugTests|Any CPU.ActiveCfg = Debug|Any CPU
		{9CD689F1-22E2-448F-A30E-F7FC52112749}.DebugTests|Any CPU.Build.0 = Debug|Any CPU
		{9CD689F1-22E2-448F-A30E-F7FC52112749}.DebugTests|x86.ActiveCfg = Debug|Any CPU
		{9CD689F1-22E2-448F-A30E-F7FC52112749}.DebugTests|x86.Build.0 = Debug|Any CPU
		{9CD689F1-22E2-448F-A30E-F7FC52112749}.Debug|Any CPU.ActiveCfg = Debug|Any CPU
		{9CD689F1-22E2-448F-A30E-F7FC52112749}.Debug|Any CPU.Build.0 = Debug|Any CPU
		{9CD689F1-22E2-448F-A30E-F7FC52112749}.Debug|x86.ActiveCfg = Debug|Any CPU
		{9CD689F1-22E2-448F-A30E-F7FC52112749}.Debug|x86.Build.0 = Debug|Any CPU
		{9CD689F1-22E2-448F-A30E-F7FC52112749}.Release|Any CPU.ActiveCfg = Release|Any CPU
		{9CD689F1-22E2-448F-A30E-F7FC52112749}.Release|Any CPU.Build.0 = Release|Any CPU
		{9CD689F1-22E2-448F-A30E-F7FC52112749}.Release|x86.ActiveCfg = Release|Any CPU
		{9CD689F1-22E2-448F-A30E-F7FC52112749}.Release|x86.Build.0 = Release|Any CPU
		{479A6654-AFED-4D44-926D-E4D169C526F6}.DebugTests|Any CPU.ActiveCfg = Debug|Any CPU
		{479A6654-AFED-4D44-926D-E4D169C526F6}.DebugTests|Any CPU.Build.0 = Debug|Any CPU
		{479A6654-AFED-4D44-926D-E4D169C526F6}.DebugTests|x86.ActiveCfg = Debug|Any CPU
		{479A6654-AFED-4D44-926D-E4D169C526F6}.DebugTests|x86.Build.0 = Debug|Any CPU
		{479A6654-AFED-4D44-926D-E4D169C526F6}.Debug|Any CPU.ActiveCfg = Debug|Any CPU
		{479A6654-AFED-4D44-926D-E4D169C526F6}.Debug|Any CPU.Build.0 = Debug|Any CPU
		{479A6654-AFED-4D44-926D-E4D169C526F6}.Debug|x86.ActiveCfg = Debug|Any CPU
		{479A6654-AFED-4D44-926D-E4D169C526F6}.Debug|x86.Build.0 = Debug|Any CPU
		{479A6654-AFED-4D44-926D-E4D169C526F6}.Release|Any CPU.ActiveCfg = Release|Any CPU
		{479A6654-AFED-4D44-926D-E4D169C526F6}.Release|Any CPU.Build.0 = Release|Any CPU
		{479A6654-AFED-4D44-926D-E4D169C526F6}.Release|x86.ActiveCfg = Release|Any CPU
		{479A6654-AFED-4D44-926D-E4D169C526F6}.Release|x86.Build.0 = Release|Any CPU
		{88C69194-1BCF-44B9-98A1-8BD9E19BF931}.DebugTests|Any CPU.ActiveCfg = Debug|Any CPU
		{88C69194-1BCF-44B9-98A1-8BD9E19BF931}.DebugTests|Any CPU.Build.0 = Debug|Any CPU
		{88C69194-1BCF-44B9-98A1-8BD9E19BF931}.DebugTests|x86.ActiveCfg = Debug|Any CPU
		{88C69194-1BCF-44B9-98A1-8BD9E19BF931}.DebugTests|x86.Build.0 = Debug|Any CPU
		{88C69194-1BCF-44B9-98A1-8BD9E19BF931}.Debug|Any CPU.ActiveCfg = Debug|Any CPU
		{88C69194-1BCF-44B9-98A1-8BD9E19BF931}.Debug|Any CPU.Build.0 = Debug|Any CPU
		{88C69194-1BCF-44B9-98A1-8BD9E19BF931}.Debug|x86.ActiveCfg = Debug|Any CPU
		{88C69194-1BCF-44B9-98A1-8BD9E19BF931}.Debug|x86.Build.0 = Debug|Any CPU
		{88C69194-1BCF-44B9-98A1-8BD9E19BF931}.Release|Any CPU.ActiveCfg = Release|Any CPU
		{88C69194-1BCF-44B9-98A1-8BD9E19BF931}.Release|Any CPU.Build.0 = Release|Any CPU
		{88C69194-1BCF-44B9-98A1-8BD9E19BF931}.Release|x86.ActiveCfg = Release|Any CPU
		{88C69194-1BCF-44B9-98A1-8BD9E19BF931}.Release|x86.Build.0 = Release|Any CPU
		{957E2C46-6BA6-4AF8-BC18-6E18D3E3A700}.DebugTests|Any CPU.ActiveCfg = Debug|Any CPU
		{957E2C46-6BA6-4AF8-BC18-6E18D3E3A700}.DebugTests|Any CPU.Build.0 = Debug|Any CPU
		{957E2C46-6BA6-4AF8-BC18-6E18D3E3A700}.DebugTests|x86.ActiveCfg = Debug|Any CPU
		{957E2C46-6BA6-4AF8-BC18-6E18D3E3A700}.DebugTests|x86.Build.0 = Debug|Any CPU
		{957E2C46-6BA6-4AF8-BC18-6E18D3E3A700}.Debug|Any CPU.ActiveCfg = Debug|Any CPU
		{957E2C46-6BA6-4AF8-BC18-6E18D3E3A700}.Debug|Any CPU.Build.0 = Debug|Any CPU
		{957E2C46-6BA6-4AF8-BC18-6E18D3E3A700}.Debug|x86.ActiveCfg = Debug|Any CPU
		{957E2C46-6BA6-4AF8-BC18-6E18D3E3A700}.Debug|x86.Build.0 = Debug|Any CPU
		{957E2C46-6BA6-4AF8-BC18-6E18D3E3A700}.Release|Any CPU.ActiveCfg = Release|Any CPU
		{957E2C46-6BA6-4AF8-BC18-6E18D3E3A700}.Release|Any CPU.Build.0 = Release|Any CPU
		{957E2C46-6BA6-4AF8-BC18-6E18D3E3A700}.Release|x86.ActiveCfg = Release|Any CPU
		{957E2C46-6BA6-4AF8-BC18-6E18D3E3A700}.Release|x86.Build.0 = Release|Any CPU
		{AE3D8FC3-59A0-4F2C-A860-CC4D9D233406}.DebugTests|Any CPU.ActiveCfg = Debug|Any CPU
		{AE3D8FC3-59A0-4F2C-A860-CC4D9D233406}.DebugTests|Any CPU.Build.0 = Debug|Any CPU
		{AE3D8FC3-59A0-4F2C-A860-CC4D9D233406}.DebugTests|x86.ActiveCfg = Debug|Any CPU
		{AE3D8FC3-59A0-4F2C-A860-CC4D9D233406}.DebugTests|x86.Build.0 = Debug|Any CPU
		{AE3D8FC3-59A0-4F2C-A860-CC4D9D233406}.Debug|Any CPU.ActiveCfg = Debug|Any CPU
		{AE3D8FC3-59A0-4F2C-A860-CC4D9D233406}.Debug|Any CPU.Build.0 = Debug|Any CPU
		{AE3D8FC3-59A0-4F2C-A860-CC4D9D233406}.Debug|x86.ActiveCfg = Debug|Any CPU
		{AE3D8FC3-59A0-4F2C-A860-CC4D9D233406}.Debug|x86.Build.0 = Debug|Any CPU
		{AE3D8FC3-59A0-4F2C-A860-CC4D9D233406}.Release|Any CPU.ActiveCfg = Release|Any CPU
		{AE3D8FC3-59A0-4F2C-A860-CC4D9D233406}.Release|Any CPU.Build.0 = Release|Any CPU
		{AE3D8FC3-59A0-4F2C-A860-CC4D9D233406}.Release|x86.ActiveCfg = Release|Any CPU
		{AE3D8FC3-59A0-4F2C-A860-CC4D9D233406}.Release|x86.Build.0 = Release|Any CPU
		{8BC538DF-FD4D-4120-AC87-8EECA25CB360}.DebugTests|Any CPU.ActiveCfg = Debug|Any CPU
		{8BC538DF-FD4D-4120-AC87-8EECA25CB360}.DebugTests|Any CPU.Build.0 = Debug|Any CPU
		{8BC538DF-FD4D-4120-AC87-8EECA25CB360}.DebugTests|x86.ActiveCfg = Debug|Any CPU
		{8BC538DF-FD4D-4120-AC87-8EECA25CB360}.DebugTests|x86.Build.0 = Debug|Any CPU
		{8BC538DF-FD4D-4120-AC87-8EECA25CB360}.Debug|Any CPU.ActiveCfg = Debug|Any CPU
		{8BC538DF-FD4D-4120-AC87-8EECA25CB360}.Debug|Any CPU.Build.0 = Debug|Any CPU
		{8BC538DF-FD4D-4120-AC87-8EECA25CB360}.Debug|x86.ActiveCfg = Debug|Any CPU
		{8BC538DF-FD4D-4120-AC87-8EECA25CB360}.Debug|x86.Build.0 = Debug|Any CPU
		{8BC538DF-FD4D-4120-AC87-8EECA25CB360}.Release|Any CPU.ActiveCfg = Release|Any CPU
		{8BC538DF-FD4D-4120-AC87-8EECA25CB360}.Release|Any CPU.Build.0 = Release|Any CPU
		{8BC538DF-FD4D-4120-AC87-8EECA25CB360}.Release|x86.ActiveCfg = Release|Any CPU
		{8BC538DF-FD4D-4120-AC87-8EECA25CB360}.Release|x86.Build.0 = Release|Any CPU
	EndGlobalSection
	GlobalSection(SolutionProperties) = preSolution
		HideSolutionNode = FALSE
	EndGlobalSection
	GlobalSection(NestedProjects) = preSolution
		{ACCC10D0-D079-4B9C-8269-71796A0EF822} = {8F9E5ECE-A6EB-4DC7-B3E2-20319BF21607}
		{3FBD73F5-6098-45A8-A236-6CC2F093B804} = {8F9E5ECE-A6EB-4DC7-B3E2-20319BF21607}
		{1A96AA51-2CBC-4901-91D1-53208AD5E6B6} = {8F9E5ECE-A6EB-4DC7-B3E2-20319BF21607}
		{0926FE28-73BA-4F73-9188-B196FBBC9410} = {8F9E5ECE-A6EB-4DC7-B3E2-20319BF21607}
		{A4BDB41D-096A-42E7-953E-99F7680141B0} = {2DAB661A-26B2-440A-BC54-59F2C8404F12}
		{FC862191-9081-4A58-96FF-B57F17AC40A9} = {8F9E5ECE-A6EB-4DC7-B3E2-20319BF21607}
		{6431E891-8E90-4510-AC8F-581536757EA0} = {2DAB661A-26B2-440A-BC54-59F2C8404F12}
		{8A2E5556-55A4-4A1C-BE82-7603BEFA1A19} = {8F9E5ECE-A6EB-4DC7-B3E2-20319BF21607}
		{ACEE719B-B932-4B41-84AE-0F0CA0CE37E0} = {2DAB661A-26B2-440A-BC54-59F2C8404F12}
		{20ED44A4-9D35-41F2-A317-C1EB9923379E} = {8F9E5ECE-A6EB-4DC7-B3E2-20319BF21607}
		{E8F7FB9B-4FF0-4195-B064-D41A96E41918} = {8F9E5ECE-A6EB-4DC7-B3E2-20319BF21607}
		{7BD22418-F4A9-422B-9FDE-A20708BA0648} = {8F9E5ECE-A6EB-4DC7-B3E2-20319BF21607}
		{230C6FAF-11A1-4318-A482-69C7252652B1} = {2DAB661A-26B2-440A-BC54-59F2C8404F12}
		{BF019B75-CECE-46E7-9E3D-620B2CAB6A96} = {2DAB661A-26B2-440A-BC54-59F2C8404F12}
		{1C5CC61E-3080-42D8-BEE0-6113C8C57D5D} = {2DAB661A-26B2-440A-BC54-59F2C8404F12}
		{1C7A35B3-6972-4BA5-B8DB-5344C8C13BA5} = {2DAB661A-26B2-440A-BC54-59F2C8404F12}
		{9CD689F1-22E2-448F-A30E-F7FC52112749} = {9A00898F-DC8F-4E2B-9F2F-097ED40E0000}
		{479A6654-AFED-4D44-926D-E4D169C526F6} = {9A00898F-DC8F-4E2B-9F2F-097ED40E0000}
		{88C69194-1BCF-44B9-98A1-8BD9E19BF931} = {9A00898F-DC8F-4E2B-9F2F-097ED40E0000}
		{957E2C46-6BA6-4AF8-BC18-6E18D3E3A700} = {9A00898F-DC8F-4E2B-9F2F-097ED40E0000}
		{AE3D8FC3-59A0-4F2C-A860-CC4D9D233406} = {9A00898F-DC8F-4E2B-9F2F-097ED40E0000}
		{8BC538DF-FD4D-4120-AC87-8EECA25CB360} = {9A00898F-DC8F-4E2B-9F2F-097ED40E0000}
	EndGlobalSection
	GlobalSection(ExtensibilityGlobals) = postSolution
		SolutionGuid = {B153C707-A96B-404C-B0E6-2225AE14B304}
	EndGlobalSection
EndGlobal
