
Microsoft Visual Studio Solution File, Format Version 12.00
# Visual Studio 2013
VisualStudioVersion = 12.0.30110.0
MinimumVisualStudioVersion = 10.0.40219.1
Project("{FAE04EC0-301F-11D3-BF4B-00C04F79EFBC}") = "AspectInjector", "AspectInjector\AspectInjector.csproj", "{2E1550ED-607F-4B13-9254-F2B9E756BCF9}"
EndProject
Project("{FAE04EC0-301F-11D3-BF4B-00C04F79EFBC}") = "AspectInjector.BuildTask", "AspectInjector.Task\AspectInjector.BuildTask.csproj", "{B711C00C-9E4D-4005-A82F-A78B1F444205}"
EndProject
Project("{FAE04EC0-301F-11D3-BF4B-00C04F79EFBC}") = "AspectInjector.Test", "AspectInjector.Test\AspectInjector.Test.csproj", "{4646F17D-103E-4F18-91D4-8B12F886C7E4}"
EndProject
Project("{2150E333-8FDC-42A3-9474-1A3956D46DE8}") = "build", "build", "{B1F4DD41-A903-4153-8F57-AB7EC799FDB7}"
	ProjectSection(SolutionItems) = preProject
		build\GitNugetTemplate.xaml = build\GitNugetTemplate.xaml
		test.ps1 = test.ps1
	EndProjectSection
EndProject
Global
	GlobalSection(SolutionConfigurationPlatforms) = preSolution
		Debug|Any CPU = Debug|Any CPU
		Release|Any CPU = Release|Any CPU
	EndGlobalSection
	GlobalSection(ProjectConfigurationPlatforms) = postSolution
		{2E1550ED-607F-4B13-9254-F2B9E756BCF9}.Debug|Any CPU.ActiveCfg = Debug|Any CPU
		{2E1550ED-607F-4B13-9254-F2B9E756BCF9}.Debug|Any CPU.Build.0 = Debug|Any CPU
		{2E1550ED-607F-4B13-9254-F2B9E756BCF9}.Release|Any CPU.ActiveCfg = Release|Any CPU
		{2E1550ED-607F-4B13-9254-F2B9E756BCF9}.Release|Any CPU.Build.0 = Release|Any CPU
		{B711C00C-9E4D-4005-A82F-A78B1F444205}.Debug|Any CPU.ActiveCfg = Debug|Any CPU
		{B711C00C-9E4D-4005-A82F-A78B1F444205}.Debug|Any CPU.Build.0 = Debug|Any CPU
		{B711C00C-9E4D-4005-A82F-A78B1F444205}.Release|Any CPU.ActiveCfg = Release|Any CPU
		{B711C00C-9E4D-4005-A82F-A78B1F444205}.Release|Any CPU.Build.0 = Release|Any CPU
		{4646F17D-103E-4F18-91D4-8B12F886C7E4}.Debug|Any CPU.ActiveCfg = Debug|Any CPU
		{4646F17D-103E-4F18-91D4-8B12F886C7E4}.Debug|Any CPU.Build.0 = Debug|Any CPU
		{4646F17D-103E-4F18-91D4-8B12F886C7E4}.Release|Any CPU.ActiveCfg = Release|Any CPU
		{4646F17D-103E-4F18-91D4-8B12F886C7E4}.Release|Any CPU.Build.0 = Release|Any CPU
	EndGlobalSection
	GlobalSection(SolutionProperties) = preSolution
		HideSolutionNode = FALSE
	EndGlobalSection
EndGlobal
