
Microsoft Visual Studio Solution File, Format Version 12.00
# Visual Studio 15
VisualStudioVersion = 15.0.26430.13
MinimumVisualStudioVersion = 10.0.40219.1
Project("{FAE04EC0-301F-11D3-BF4B-00C04F79EFBC}") = "Freezable", "Freezable\Freezable.csproj", "{9B300FB2-A9E7-4A43-B802-262122248798}"
EndProject
Project("{FAE04EC0-301F-11D3-BF4B-00C04F79EFBC}") = "NotifyPropertyChanged", "NotifyPropertyChanged\NotifyPropertyChanged.csproj", "{4867C72A-4799-4E1D-9120-330854484B69}"
EndProject
Global
	GlobalSection(SolutionConfigurationPlatforms) = preSolution
		Debug|Any CPU = Debug|Any CPU
		Release|Any CPU = Release|Any CPU
	EndGlobalSection
	GlobalSection(ProjectConfigurationPlatforms) = postSolution
		{9B300FB2-A9E7-4A43-B802-262122248798}.Debug|Any CPU.ActiveCfg = Debug|Any CPU
		{9B300FB2-A9E7-4A43-B802-262122248798}.Debug|Any CPU.Build.0 = Debug|Any CPU
		{9B300FB2-A9E7-4A43-B802-262122248798}.Release|Any CPU.ActiveCfg = Release|Any CPU
		{9B300FB2-A9E7-4A43-B802-262122248798}.Release|Any CPU.Build.0 = Release|Any CPU
		{4867C72A-4799-4E1D-9120-330854484B69}.Debug|Any CPU.ActiveCfg = Debug|Any CPU
		{4867C72A-4799-4E1D-9120-330854484B69}.Debug|Any CPU.Build.0 = Debug|Any CPU
		{4867C72A-4799-4E1D-9120-330854484B69}.Release|Any CPU.ActiveCfg = Release|Any CPU
		{4867C72A-4799-4E1D-9120-330854484B69}.Release|Any CPU.Build.0 = Release|Any CPU
	EndGlobalSection
	GlobalSection(SolutionProperties) = preSolution
		HideSolutionNode = FALSE
	EndGlobalSection
EndGlobal
